<?xml version="1.0" encoding="utf-8"?>
<Project ToolsVersion="4.0" xmlns="http://schemas.microsoft.com/developer/msbuild/2003">
  <ItemGroup>
    <ClCompile Include="Ball.cpp">
      <Filter>Source</Filter>
    </ClCompile>
    <ClCompile Include="Bar.cpp">
      <Filter>Source</Filter>
    </ClCompile>
    <ClCompile Include="Console.cpp">
      <Filter>Source</Filter>
    </ClCompile>
    <ClCompile Include="Game.cpp">
      <Filter>Source</Filter>
    </ClCompile>
    <ClCompile Include="Graphic.cpp">
      <Filter>Source</Filter>
    </ClCompile>
    <ClCompile Include="Main.cpp">
      <Filter>Source</Filter>
    </ClCompile>
    <ClCompile Include="Menu.cpp">
      <Filter>Source</Filter>
    </ClCompile>
    <ClCompile Include="Animate.cpp">
      <Filter>Source</Filter>
    </ClCompile>
    <ClCompile Include="Box.cpp">
      <Filter>Source</Filter>
    </ClCompile>
    <ClCompile Include="BoxManager.cpp">
      <Filter>Source</Filter>
    </ClCompile>
    <ClCompile Include="GameBreaker.cpp">
      <Filter>Source</Filter>
    </ClCompile>
    <ClCompile Include="TaskBar.cpp">
      <Filter>Source</Filter>
    </ClCompile>
  </ItemGroup>
  <ItemGroup>
    <ClInclude Include="Ball.h">
      <Filter>Header</Filter>
    </ClInclude>
    <ClInclude Include="Console.h">
      <Filter>Header</Filter>
    </ClInclude>
    <ClInclude Include="Bar.h">
      <Filter>Header</Filter>
    </ClInclude>
    <ClInclude Include="Game.h">
      <Filter>Header</Filter>
    </ClInclude>
    <ClInclude Include="Graphic.h">
      <Filter>Header</Filter>
    </ClInclude>
    <ClInclude Include="Menu.h">
      <Filter>Header</Filter>
    </ClInclude>
    <ClInclude Include="Animate.h">
      <Filter>Header</Filter>
    </ClInclude>
    <ClInclude Include="Box.h">
      <Filter>Header</Filter>
    </ClInclude>
    <ClInclude Include="BoxManager.h">
      <Filter>Header</Filter>
    </ClInclude>
    <ClInclude Include="GameBreaker.h">
      <Filter>Header</Filter>
    </ClInclude>
    <ClInclude Include="Console.h">
      <Filter>Header</Filter>
    </ClInclude>
    <ClInclude Include="TaskBar.h">
      <Filter>Header</Filter>
    </ClInclude>
  </ItemGroup>
  <ItemGroup>
    <Filter Include="Header">
      <UniqueIdentifier>{dd3fc2d8-29ff-480a-899b-c0f7171b7da5}</UniqueIdentifier>
    </Filter>
    <Filter Include="Source">
      <UniqueIdentifier>{177064c1-d0c1-4567-96cf-8dc225ae769a}</UniqueIdentifier>
    </Filter>
  </ItemGroup>
</Project>
